
Microsoft Visual Studio Solution File, Format Version 12.00
# Visual Studio Version 16
VisualStudioVersion = 16.0.810.22
MinimumVisualStudioVersion = 10.0.40219.1
Project("{FAE04EC0-301F-11D3-BF4B-00C04F79EFBC}") = "HistoriaClinica", "HistoriaClinica.csproj", "{1DB0DEA5-22D6-4C8B-B701-312D31EB8AC1}"
EndProject
Global
	GlobalSection(SolutionConfigurationPlatforms) = preSolution
		Debug|Any CPU = Debug|Any CPU
		Release|Any CPU = Release|Any CPU
	EndGlobalSection
	GlobalSection(ProjectConfigurationPlatforms) = postSolution
		{1DB0DEA5-22D6-4C8B-B701-312D31EB8AC1}.Debug|Any CPU.ActiveCfg = Debug|Any CPU
		{1DB0DEA5-22D6-4C8B-B701-312D31EB8AC1}.Debug|Any CPU.Build.0 = Debug|Any CPU
		{1DB0DEA5-22D6-4C8B-B701-312D31EB8AC1}.Release|Any CPU.ActiveCfg = Release|Any CPU
		{1DB0DEA5-22D6-4C8B-B701-312D31EB8AC1}.Release|Any CPU.Build.0 = Release|Any CPU
	EndGlobalSection
	GlobalSection(SolutionProperties) = preSolution
		HideSolutionNode = FALSE
	EndGlobalSection
	GlobalSection(ExtensibilityGlobals) = postSolution
		SolutionGuid = {A05570D6-B5E8-48AD-BF2B-7AA126925DA9}
	EndGlobalSection
EndGlobal
